
Microsoft Visual Studio Solution File, Format Version 12.00
# Visual Studio Version 16
VisualStudioVersion = 16.0.30011.22
MinimumVisualStudioVersion = 10.0.40219.1
Project("{FAE04EC0-301F-11D3-BF4B-00C04F79EFBC}") = "FontEditor", "FontEditor\FontEditor.csproj", "{EC133B91-48DD-4560-8052-6E404B759D4D}"
EndProject
Global
	GlobalSection(SolutionConfigurationPlatforms) = preSolution
		Debug|Any CPU = Debug|Any CPU
		Release|Any CPU = Release|Any CPU
	EndGlobalSection
	GlobalSection(ProjectConfigurationPlatforms) = postSolution
		{EC133B91-48DD-4560-8052-6E404B759D4D}.Debug|Any CPU.ActiveCfg = Debug|Any CPU
		{EC133B91-48DD-4560-8052-6E404B759D4D}.Debug|Any CPU.Build.0 = Debug|Any CPU
		{EC133B91-48DD-4560-8052-6E404B759D4D}.Release|Any CPU.ActiveCfg = Release|Any CPU
		{EC133B91-48DD-4560-8052-6E404B759D4D}.Release|Any CPU.Build.0 = Release|Any CPU
	EndGlobalSection
	GlobalSection(SolutionProperties) = preSolution
		HideSolutionNode = FALSE
	EndGlobalSection
	GlobalSection(ExtensibilityGlobals) = postSolution
		SolutionGuid = {F9D557FA-27A1-4387-AB2A-FB1AFDD8D0C6}
	EndGlobalSection
EndGlobal
