
Microsoft Visual Studio Solution File, Format Version 12.00
# Visual Studio 15
VisualStudioVersion = 15.0.28307.329
MinimumVisualStudioVersion = 10.0.40219.1
Project("{FAE04EC0-301F-11D3-BF4B-00C04F79EFBC}") = "Shapes", "Shapes\Shapes.csproj", "{AEF567BD-CC52-4563-B43E-B2CB05BF7E6F}"
EndProject
Global
	GlobalSection(SolutionConfigurationPlatforms) = preSolution
		Debug|Any CPU = Debug|Any CPU
		Release|Any CPU = Release|Any CPU
	EndGlobalSection
	GlobalSection(ProjectConfigurationPlatforms) = postSolution
		{AEF567BD-CC52-4563-B43E-B2CB05BF7E6F}.Debug|Any CPU.ActiveCfg = Debug|Any CPU
		{AEF567BD-CC52-4563-B43E-B2CB05BF7E6F}.Debug|Any CPU.Build.0 = Debug|Any CPU
		{AEF567BD-CC52-4563-B43E-B2CB05BF7E6F}.Release|Any CPU.ActiveCfg = Release|Any CPU
		{AEF567BD-CC52-4563-B43E-B2CB05BF7E6F}.Release|Any CPU.Build.0 = Release|Any CPU
	EndGlobalSection
	GlobalSection(SolutionProperties) = preSolution
		HideSolutionNode = FALSE
	EndGlobalSection
	GlobalSection(ExtensibilityGlobals) = postSolution
		SolutionGuid = {183681B6-7FA4-44F8-A0AB-CDBFB1A246ED}
	EndGlobalSection
EndGlobal
