
Microsoft Visual Studio Solution File, Format Version 12.00
# Visual Studio 14
VisualStudioVersion = 14.0.24720.0
MinimumVisualStudioVersion = 10.0.40219.1
Project("{FAE04EC0-301F-11D3-BF4B-00C04F79EFBC}") = "DesignPatternApp", "DesignPatternApp\DesignPatternApp.csproj", "{3C5CFC74-9A8F-4683-89E7-1FECEA9194CE}"
EndProject
Project("{FAE04EC0-301F-11D3-BF4B-00C04F79EFBC}") = "AppFx", "AppFx\AppFx.csproj", "{02FA2FB9-E047-4550-824C-D3187F496D36}"
EndProject
Global
	GlobalSection(SolutionConfigurationPlatforms) = preSolution
		Debug|Any CPU = Debug|Any CPU
		Release|Any CPU = Release|Any CPU
	EndGlobalSection
	GlobalSection(ProjectConfigurationPlatforms) = postSolution
		{3C5CFC74-9A8F-4683-89E7-1FECEA9194CE}.Debug|Any CPU.ActiveCfg = Debug|Any CPU
		{3C5CFC74-9A8F-4683-89E7-1FECEA9194CE}.Debug|Any CPU.Build.0 = Debug|Any CPU
		{3C5CFC74-9A8F-4683-89E7-1FECEA9194CE}.Release|Any CPU.ActiveCfg = Release|Any CPU
		{3C5CFC74-9A8F-4683-89E7-1FECEA9194CE}.Release|Any CPU.Build.0 = Release|Any CPU
		{02FA2FB9-E047-4550-824C-D3187F496D36}.Debug|Any CPU.ActiveCfg = Debug|Any CPU
		{02FA2FB9-E047-4550-824C-D3187F496D36}.Debug|Any CPU.Build.0 = Debug|Any CPU
		{02FA2FB9-E047-4550-824C-D3187F496D36}.Release|Any CPU.ActiveCfg = Release|Any CPU
		{02FA2FB9-E047-4550-824C-D3187F496D36}.Release|Any CPU.Build.0 = Release|Any CPU
	EndGlobalSection
	GlobalSection(SolutionProperties) = preSolution
		HideSolutionNode = FALSE
	EndGlobalSection
EndGlobal
