
Microsoft Visual Studio Solution File, Format Version 12.00
# Visual Studio 15
VisualStudioVersion = 15.0.28307.421
MinimumVisualStudioVersion = 10.0.40219.1
Project("{FAE04EC0-301F-11D3-BF4B-00C04F79EFBC}") = "WinFormExpl", "WinFormExpl\WinFormExpl.csproj", "{5FF575BE-4974-4F9A-935D-C6F3F824206A}"
EndProject
Global
	GlobalSection(SolutionConfigurationPlatforms) = preSolution
		Debug|Any CPU = Debug|Any CPU
		Release|Any CPU = Release|Any CPU
	EndGlobalSection
	GlobalSection(ProjectConfigurationPlatforms) = postSolution
		{5FF575BE-4974-4F9A-935D-C6F3F824206A}.Debug|Any CPU.ActiveCfg = Debug|Any CPU
		{5FF575BE-4974-4F9A-935D-C6F3F824206A}.Debug|Any CPU.Build.0 = Debug|Any CPU
		{5FF575BE-4974-4F9A-935D-C6F3F824206A}.Release|Any CPU.ActiveCfg = Release|Any CPU
		{5FF575BE-4974-4F9A-935D-C6F3F824206A}.Release|Any CPU.Build.0 = Release|Any CPU
	EndGlobalSection
	GlobalSection(SolutionProperties) = preSolution
		HideSolutionNode = FALSE
	EndGlobalSection
	GlobalSection(ExtensibilityGlobals) = postSolution
		SolutionGuid = {A2EEC126-A305-4818-95A3-B47B5951F3FC}
	EndGlobalSection
EndGlobal
